
Microsoft Visual Studio Solution File, Format Version 12.00
# Visual Studio Version 17
VisualStudioVersion = 17.7.34202.233
MinimumVisualStudioVersion = 10.0.40219.1
Project("{FAE04EC0-301F-11D3-BF4B-00C04F79EFBC}") = "Proyecto 1 U3", "Proyecto 1 U3\Proyecto 1 U3.csproj", "{A1110F02-F44E-4117-895F-35714087A63D}"
EndProject
Global
	GlobalSection(SolutionConfigurationPlatforms) = preSolution
		Debug|Any CPU = Debug|Any CPU
		Release|Any CPU = Release|Any CPU
	EndGlobalSection
	GlobalSection(ProjectConfigurationPlatforms) = postSolution
		{A1110F02-F44E-4117-895F-35714087A63D}.Debug|Any CPU.ActiveCfg = Debug|Any CPU
		{A1110F02-F44E-4117-895F-35714087A63D}.Debug|Any CPU.Build.0 = Debug|Any CPU
		{A1110F02-F44E-4117-895F-35714087A63D}.Release|Any CPU.ActiveCfg = Release|Any CPU
		{A1110F02-F44E-4117-895F-35714087A63D}.Release|Any CPU.Build.0 = Release|Any CPU
	EndGlobalSection
	GlobalSection(SolutionProperties) = preSolution
		HideSolutionNode = FALSE
	EndGlobalSection
	GlobalSection(ExtensibilityGlobals) = postSolution
		SolutionGuid = {79048011-F239-4584-8A8D-CEFCE0E185E6}
	EndGlobalSection
EndGlobal
